
Microsoft Visual Studio Solution File, Format Version 12.00
# Visual Studio 15
VisualStudioVersion = 15.0.27703.2047
MinimumVisualStudioVersion = 10.0.40219.1
Project("{FAE04EC0-301F-11D3-BF4B-00C04F79EFBC}") = "diacritc-code", "diacritc-code\diacritc-code.csproj", "{6D04788F-E054-4415-A498-6EB4F03DBA64}"
EndProject
Global
	GlobalSection(SolutionConfigurationPlatforms) = preSolution
		Debug|Any CPU = Debug|Any CPU
		Release|Any CPU = Release|Any CPU
	EndGlobalSection
	GlobalSection(ProjectConfigurationPlatforms) = postSolution
		{6D04788F-E054-4415-A498-6EB4F03DBA64}.Debug|Any CPU.ActiveCfg = Debug|Any CPU
		{6D04788F-E054-4415-A498-6EB4F03DBA64}.Debug|Any CPU.Build.0 = Debug|Any CPU
		{6D04788F-E054-4415-A498-6EB4F03DBA64}.Release|Any CPU.ActiveCfg = Release|Any CPU
		{6D04788F-E054-4415-A498-6EB4F03DBA64}.Release|Any CPU.Build.0 = Release|Any CPU
	EndGlobalSection
	GlobalSection(SolutionProperties) = preSolution
		HideSolutionNode = FALSE
	EndGlobalSection
	GlobalSection(ExtensibilityGlobals) = postSolution
		SolutionGuid = {AF230DC6-518D-4E28-BB1C-856A082EC313}
	EndGlobalSection
EndGlobal
